{
  "name": "Proyecto-DifundiendoColegios-main",
  "lockfileVersion": 2,
  "requires": true,
  "packages": {
    "": {
      "dependencies": {
        "@glidejs/glide": "^3.5.2",
        "sweetalert2": "^11.4.17"
      }
    },
    "node_modules/@glidejs/glide": {
      "version": "3.5.2",
      "resolved": "https://registry.npmjs.org/@glidejs/glide/-/glide-3.5.2.tgz",
      "integrity": "sha512-7jGciNJ2bQ4eZLSNlSZ+VAyW63kALf420CvkEpK4lEsUfWJq9odqimci0YCiyNyMUFB+pWHwLYyNc57dijYsCg=="
    },
    "node_modules/sweetalert2": {
      "version": "11.4.17",
      "resolved": "https://registry.npmjs.org/sweetalert2/-/sweetalert2-11.4.17.tgz",
      "integrity": "sha512-z0iQW5fDdvtoDNle3iHTKunsuNWgPaMifVu0GPtdguR0uVPrvg9gg9bnSQeJ4tx3C7FwJOEnRshxrs6fFItRvw==",
      "funding": {
        "type": "individual",
        "url": "https://sweetalert2.github.io/#donations"
      }
    }
  },
  "dependencies": {
    "@glidejs/glide": {
      "version": "3.5.2",
      "resolved": "https://registry.npmjs.org/@glidejs/glide/-/glide-3.5.2.tgz",
      "integrity": "sha512-7jGciNJ2bQ4eZLSNlSZ+VAyW63kALf420CvkEpK4lEsUfWJq9odqimci0YCiyNyMUFB+pWHwLYyNc57dijYsCg=="
    },
    "sweetalert2": {
      "version": "11.4.17",
      "resolved": "https://registry.npmjs.org/sweetalert2/-/sweetalert2-11.4.17.tgz",
      "integrity": "sha512-z0iQW5fDdvtoDNle3iHTKunsuNWgPaMifVu0GPtdguR0uVPrvg9gg9bnSQeJ4tx3C7FwJOEnRshxrs6fFItRvw=="
    }
  }
}
